
Microsoft Visual Studio Solution File, Format Version 12.00
# Visual Studio Version 17
VisualStudioVersion = 17.8.34408.163
MinimumVisualStudioVersion = 10.0.40219.1
Project("{9A19103F-16F7-4668-BE54-9A1E7A4F7556}") = "PlayerLib", "PlayerLib\PlayerLib.csproj", "{7338E2EC-EAD3-4D08-8E85-973D97F3FB02}"
EndProject
Project("{9A19103F-16F7-4668-BE54-9A1E7A4F7556}") = "CSharpPlayer", "CSharpPlayer\CSharpPlayer.csproj", "{2B4FBCFF-601A-4263-B92E-E934A137D4EE}"
EndProject
Project("{9A19103F-16F7-4668-BE54-9A1E7A4F7556}") = "JsPlayer", "JsPlayer\JsPlayer.csproj", "{4EAF6339-E927-44A4-9C11-175530AD1AD1}"
EndProject
Project("{FAE04EC0-301F-11D3-BF4B-00C04F79EFBC}") = "LoadTest", "LoadTest\LoadTest.csproj", "{6033EC63-C4A0-49F9-A5EC-3F9FC4170AE5}"
EndProject
Project("{2150E333-8FDC-42A3-9474-1A3956D46DE8}") = "0.Test", "0.Test", "{6147B6DC-96F0-4032-B1BE-1ABA21F969D2}"
EndProject
Global
	GlobalSection(SolutionConfigurationPlatforms) = preSolution
		Debug|Any CPU = Debug|Any CPU
		Release|Any CPU = Release|Any CPU
	EndGlobalSection
	GlobalSection(ProjectConfigurationPlatforms) = postSolution
		{7338E2EC-EAD3-4D08-8E85-973D97F3FB02}.Debug|Any CPU.ActiveCfg = Debug|Any CPU
		{7338E2EC-EAD3-4D08-8E85-973D97F3FB02}.Debug|Any CPU.Build.0 = Debug|Any CPU
		{7338E2EC-EAD3-4D08-8E85-973D97F3FB02}.Release|Any CPU.ActiveCfg = Release|Any CPU
		{7338E2EC-EAD3-4D08-8E85-973D97F3FB02}.Release|Any CPU.Build.0 = Release|Any CPU
		{2B4FBCFF-601A-4263-B92E-E934A137D4EE}.Debug|Any CPU.ActiveCfg = Debug|Any CPU
		{2B4FBCFF-601A-4263-B92E-E934A137D4EE}.Debug|Any CPU.Build.0 = Debug|Any CPU
		{2B4FBCFF-601A-4263-B92E-E934A137D4EE}.Release|Any CPU.ActiveCfg = Release|Any CPU
		{2B4FBCFF-601A-4263-B92E-E934A137D4EE}.Release|Any CPU.Build.0 = Release|Any CPU
		{4EAF6339-E927-44A4-9C11-175530AD1AD1}.Debug|Any CPU.ActiveCfg = Debug|Any CPU
		{4EAF6339-E927-44A4-9C11-175530AD1AD1}.Debug|Any CPU.Build.0 = Debug|Any CPU
		{4EAF6339-E927-44A4-9C11-175530AD1AD1}.Release|Any CPU.ActiveCfg = Release|Any CPU
		{4EAF6339-E927-44A4-9C11-175530AD1AD1}.Release|Any CPU.Build.0 = Release|Any CPU
		{6033EC63-C4A0-49F9-A5EC-3F9FC4170AE5}.Debug|Any CPU.ActiveCfg = Debug|Any CPU
		{6033EC63-C4A0-49F9-A5EC-3F9FC4170AE5}.Debug|Any CPU.Build.0 = Debug|Any CPU
		{6033EC63-C4A0-49F9-A5EC-3F9FC4170AE5}.Release|Any CPU.ActiveCfg = Release|Any CPU
		{6033EC63-C4A0-49F9-A5EC-3F9FC4170AE5}.Release|Any CPU.Build.0 = Release|Any CPU
	EndGlobalSection
	GlobalSection(SolutionProperties) = preSolution
		HideSolutionNode = FALSE
	EndGlobalSection
	GlobalSection(NestedProjects) = preSolution
		{6033EC63-C4A0-49F9-A5EC-3F9FC4170AE5} = {6147B6DC-96F0-4032-B1BE-1ABA21F969D2}
	EndGlobalSection
	GlobalSection(ExtensibilityGlobals) = postSolution
		SolutionGuid = {314884F7-6B79-45B1-A9C3-BC8CF1C2D07A}
	EndGlobalSection
EndGlobal
